version: 1
files:
  messages\en.json:
    AuthjsV5Test.clientExamplePageTsx: b75dfab8d5aa973d5b19f58e0118f07a
    AuthjsV5Test.clientSideRendering: 3e1308fd1209e5501e4903946011713a
    AuthjsV5Test.exampleBackend: ecaff9cd9d499e5e48effbc01c904b72
    AuthjsV5Test.here: 7e1321b3c8423b30c1cb077a2e3ac4f0
    AuthjsV5Test.loading: 8524de963f07201e5c086830d370797f
    AuthjsV5Test.sessionprovider: 483d385dd15762223dc4991b63e91ab2
    AuthjsV5Test.thirdPartyBackendIntegration: 1d5f41cff39238b11e61731597e4a7f3
    AuthjsV5Test.update: 06933067aafd48425d67bcb01bba5cb6
    AuthjsV5Test.updatingTheSession: 93cd9fe490f3160ca0848cb0337e1885
    AuthjsV5Test.useClient: 31bceea8e74be3869f79a726be5e327c
    AuthjsV5Test.usesession: dd2863fa647416de531c75b4167ae6d5
    CartAddForm.addOneItem: 2d1512660732a634d524c62f9064e414
    CartAddForm.quantity: 694e8d1f2ee056f98ee488bdc4982d73
    CartAddForm.removeOneItem: 94e3ac6ba76787f4fe081d17403814d9
    CommerceDashboard.dashboard: 2938c7f7e560ed972f8a4f68e80ff834
    ContactForm.message: 4c2a8fe7eaf24721cc7a9f0175115bd4
    ContactForm.subject: c7892ebbb139886662c6f2fc8c450710
    CountryList.currencies: 4174d46e2393f418c835fed0c6b87bdd
    CountryList.languages: 9ff7d5d8633cca70ceb282dce77e6edf
    CountryList.loading: 8524de963f07201e5c086830d370797f
    DataTablePagination.rowsPerPage: daad1aa4b957798629c6b22071fa98a8
    DialogShell.close: d3d2e617335f08df83599665eef8a418
    Error.description: 79d6fd67d674d86126a59012bec40002
    Error.title: 8a862ffce3e06bbe655506fd73fe017c
    Faceted.noResultsFound: 3f24537d9d26ddf4fd334a881e46a0ec
    GuestAddForm.email: ce8ae9da5b7cd6c3df2929543a9af92d
    JoinNewsletterForm.joinRelivatorWeeklyNewsletter: 719e00348e5a8133183c4ab39ffa2736
    JoinNewsletterForm.tryAgain: d876a9fe1aecb3ffc05a5639ebe22000
    LocaleSwitcher.changeLanguage: 8f241c62a9523b05bf0b6b16a09d856d
    LocaleSwitcher.english: 78463a384a5aa4fad5fa73e2f506ecfc
    LocaleSwitcher.germany: 86bc3115eb4e9873ac96904a4a68e19e
    LocaleSwitcher.languages: 3a08e2e340ab29fd9263af48193cbf8e
    LocaleSwitcher.spanish: cb5480c32e71778852b08ae1e8712775
    LocaleSwitcher.ukrainian: e78a6fc14ad64f7a78386b20568ce95b
    LoginForm.no-account: a5f61298da21626d0f490ebd06ecd811
    LoginForm.signup: 09159e6e080b71beacbb52fa03479fa9
    LoginForm.title: f2fdea440d768b85591e936a803c3631
    LoginForm.welcome-back: d6504885eb75a97bb70229c80457a43f
    MainMenu.websiteLogoWithName: 8b67f4f70405cbffbbf78e084765c583
    Manifest.name: f9a0748213832379c83c46116418b22a
    MdxCard.view: 4351cfebe4b61d8aa5efa1d020710005
    MobileMenu.toggleMenu: 042fc43f0d50566886d7ac0be88b22c4
    ModeToggle.toggleTheme: eb21044d717b7b7a45553756cb694239
    MultiUploader.dropFilesHere: 7f05fa997a53377e5ae4d2b26f54306f
    NavWithCompactPageHeader.navwithcompactpageheader: 650995355fca6058206057af9631e8ed
    NewsletterWelcomeEmail.relivatorWeeklyNewsletter: 68c317cbd8a6bcce3272c65decebe889
    Options.toggleColumns: 29f4c433c598a0d91bf3c3920d2cd645
    PathnamesPage.description: 97dcd2e8f1a7c1c92c13f26320575dd7
    PathnamesPage.title: 25a14a99df0d18cfb01fca57b1aff9cc
    PostAddForm.createPost: 110976bf9e9fa45e6ff0ed9a6a9ce46b
    PricingModules.nextJs: d2fcb45c52ac7e79cf6c091db2a8500d
    Privileges.switchUserRole: 0b8bf32f969f7edd9aff2d998b055dea
    ProductAddForm.addProduct: f06cdf0d376cf800a466db88d8886a79
    ProductAddForm.category: 3adbdb3ac060038aa0e6e6c138ef9873
    ProductAddForm.description: b5a7adde1af5c87d7fd797b6245c2a39
    ProductAddForm.images: fff0d600f8a0b5e19e88bfb821dd1157
    ProductAddForm.inventory: 4d604dd8f008145471dc845683399189
    ProductAddForm.name: 49ee3087348e8d44e1feda1917443987
    ProductAddForm.price: 3601146c4e948c32b6424d2c0a7f0118
    ProductAddForm.subcategory: 49a9c7600337b79b14396cd15d579977
    ProductCard.promise: a5a3f0f287a448982aac520cffe4779a
    ProductPager.nextProduct: 7d0f7b8a8b1bfcbbe465742f7d509ab2
    ProductPager.previousProduct: 3087c2f01537d66481494bb26e2089f3
    ProductUpdForm.category: 3adbdb3ac060038aa0e6e6c138ef9873
    ProductUpdForm.deleteProduct: 3b3c6c627bd5d8bb364c72c33f82af1f
    ProductUpdForm.description: b5a7adde1af5c87d7fd797b6245c2a39
    ProductUpdForm.images: fff0d600f8a0b5e19e88bfb821dd1157
    ProductUpdForm.inventory: 4d604dd8f008145471dc845683399189
    ProductUpdForm.name: 49ee3087348e8d44e1feda1917443987
    ProductUpdForm.price: 3601146c4e948c32b6424d2c0a7f0118
    ProductUpdForm.subcategory: 49a9c7600337b79b14396cd15d579977
    ProductUpdForm.updateProduct: 4cca4bcb9ccfe1e0d004281a5d608e2d
    ProductsCombobox.searchProducts: 489cc11935236b2fcc374dea5f50f90f
    RegisterForm.have-account: 21bdc5689c12595ae14298354d5550d5
    RegisterForm.signin: 44ee3844ec91f36521bcd5d3fa432446
    RegisterForm.title: d67850bd126f070221dcfd5fa6317043
    RootLocaleLayout.metadata.description: 1638e2be21146aca5ff7618ab822170d
    RootLocaleLayout.metadata.title.home: 8cf04a9734132302f96da8e113e80ce5
    RootLocaleLayout.titleDetails: 5f0fa857be6d82d6f6588bbe608172ae
    SVG.buyMeACoffeLogo: 35f45d1121c87f7a5c1ba18035406f14
    SVG.facebookLogo: 10c92de6542c749db8b5bd527e437d79
    SVG.githubLogoInvertocat: 8d10d99a94d0599965b9fb2ff1aa8c4a
    SVG.googleLogo: 43902313551a9378ee40493e59ef6dee
    SVG.nextJs: d2fcb45c52ac7e79cf6c091db2a8500d
    SVG.passkey: 816da2672a1205347a4ae8e9eb25f0bd
    SVG.patreonLogo: 94bd807db45c42044cb05a09feb6d680
    SVG.paypalLogo: 8c406361dd98996afdc5998f7d4169f2
    SVG.spinner: 9b2c85dd7af17d4528bd7489e72c59c5
    SessionData.currentSessionData: 8443ba8c0b14ec8dc62e7ec74f8321fe
    SessionData.onlyPassTheNecessaryFields: 2dd2cd4b22d02345a0ca64ec47c32425
    SessionData.signIn: f2fdea440d768b85591e936a803c3631
    SidebarWithHeader.applicationAppShellsSidebarLayoutsSidebarWithHeader: a361eb13b9414d1c10dd2fab865157a2
    SidebarWithHeader.sidebarwithheader: dab62d3321c68e1ffdf99b74f5b7fafe
    SiteFooter.allRightsReserved: 9d272a0602d3f305c56397d64df7d958
    StoreAddForm.addStore: 53e58f2fc7851ed0a9c471fbbe954140
    StoreAddForm.description: b5a7adde1af5c87d7fd797b6245c2a39
    StoreAddForm.name: 49ee3087348e8d44e1feda1917443987
    StorePager.nextStore: f3de0b346c05123ab906c6da3618af96
    StorePager.previousStore: 17e2c4ff7e3fb8b389586fbca5dc381e
    StoreSwitcher.noStoresFound: a9c853083678ba53c79bc7b975a379ef
    ThemeToggle.toggleTheme: eb21044d717b7b7a45553756cb694239
    ThemesGeneralSwitcher.dark: a18366b217ebf811ad1886e4f4f865b2
    ThemesGeneralSwitcher.light: 9914a0ce04a7b7b6a8e39bec55064b82
    ThemesGeneralSwitcher.system: a45da96d0bf6575970f2d27af22be28a
    ThemesGeneralSwitcher.theme: d721757161f7f70c5b0949fdb6ec2c30
    UpdateCart.addOneItem: 2d1512660732a634d524c62f9064e414
    UpdateCart.deleteItem: e6cd7b862919189335de64cba2606d0f
    UpdateCart.removeOneItem: 94e3ac6ba76787f4fe081d17403814d9
    UpdateNotificationForm.marketingEmails: 0f52171dc10ba2a4962785d2b71e9687
    UpdateNotificationForm.newsletterEmails: a3c7235f19c34950979ab9e873b87173
    UpdateNotificationForm.savePreferences: e97c80036bb4a408706b648e19eb5090
    UserButton.signIn: f2fdea440d768b85591e936a803c3631
    VerifyOrderForm.deliveryPostalCode: 0e6259e1d253487aaddbf4e65a1ccd37
    VerifyOrderForm.verifyOrder: 87d5a09170357d467b25041c4c357d30
    WithIcons.applicationNavigationVerticalNavigationWithIcons: 9471a11243a9ae858fdc140fcfd139df
    WithIcons.withicons: 71f30e09efd6fac81e65a32a32a1c6ac
    WithLeftAlignedNav.elementsHeadersWithLeftAlignedNav: 97ba770f649a6275c66c95c1d1b13760
    WithLeftAlignedNav.withleftalignednav: c468f377b61475bd9dc4f9e88f001213
    WithSecondaryNavigation.withsecondarynavigation: 1e20890ecf7771e0b1a67cf9ece44ba1
    account-page.Settings: f4f70727dc34561dfde1a3c529b6205c
    account-page.loggedIn: e63b69d4f9b50ff07e7c98a05254c2cc
    account-page.loggedOut: 730f878b63bffa61351cd08f5dcca55a
    account-page.login: f2fdea440d768b85591e936a803c3631
    account-page.logout: b0c2b25b3312c7a32d7aa9d701b6ae1d
    account-page.title: 08bd40c7543007ad06e4fce31618f6ec
    auth.error.default: 12b8224580696f8426dec0459131ed34
    auth.error.email: 1b668c5343dfbcd8c5429b3d034e07e2
    auth.error.oauthNotLinked: b884f3e69601dbccc5e4b82f1c1d7871
    auth.error.unknown: 486b94f972c1df4c9c3ab1e78e1afa96
    auth.error.unknown-error: 566065398022ee20f954c26f73299f6b
    auth.legal: bcbf236db0fe9fe30ef95bbd72b95cc4
    auth.legal-and: be5d5d37542d75f93a87094459f76678
    auth.legal-privacy: fa2ead697d9998cbc65c81384e6533d5
    auth.legal-terms: 3b6c2b4caaf4f14f8d7feeddc4ac3f4d
    auth-provider.please-wait: 25e8f2fd2871c8423bbe4e254066cd98
    auth-user.signInEmail: 4373baaa884cb459a6f3cfc483a7f8c9
    banners.announcements-1.button: 57ccdeb67564d7af540d7f8031c1514b
    banners.announcements-1.details: 5e7464095111737a12b4ea3b5f3ef284
    banners.announcements-1.dismiss: c8a59e7135a20b362f9c768b09454fdb
    banners.announcements-1.title: bad3a3e10074fcf84a33a8d4868e4fdd
    blog-comments-server.postthreadlist: 4d34af3da7842113702c9b59e93b7638
    checkout.CartDetails: adf93798c7e5db265edb0d002db38f2d
    checkout.Demo: ef99a1dbaa21f8a1cf0cb7b207ad884b
    checkout.Description: 06f695444d896f23a67e86eee4481d5c
    checkout.EmptyCartDescription: a8015466553b40e6fa184ae62cd976ec
    checkout.EmptyCartHeading: 02da853f586ce9bae47806542bca28ba
    checkout.Pay: 99938b17c91170dfb0c2f3f8bc9f2a85
    checkout.Title: 6ff063fbc860a79759a7369ac32cee22
    checkout.backToCart: bcbaac9e7baac3d769038adce4aa8f01
    checkout.backToCartSingle: 0557fa923dcee4d0f86b1409f5c2167f
    checkout.calculated: dc9b6b09141e1e451087590d60edcb90
    checkout.cart: a85eba4c6c699122b2bb1387ea4813ad
    checkout.cartIsEmpty: a2a24f4120a52aa71620662c73eced9d
    checkout.continueShopping: c20905e8fdd34a1bf81984e597436134
    checkout.free: b24ce0cd392a5b0b8dedc66c25213594
    checkout.notConnectedDescription: b655c7e599f63792466f5f83954d4e62
    checkout.notConnectedHeading: 63f34edc2a0e8c550512dd1ab7d1df4b
    checkout.shipping: ea9cf7e47ff33b2be14e6dd07cbcefc6
    checkout.taxes: 719fec04166d6fa75f89cd29ad61fa8c
    checkout.total: 96b0141273eabab320119c467cdcaf17
    checkout.viewTheCart: 59fc69e031ecb0f82efe467fd6692383
    client.currentPassword: 4bc28f132d571b160ba407e143915de2
    client.name: 49ee3087348e8d44e1feda1917443987
    client.newPassword: ae3bb2a1ac61750150b606298091d38a
    client.password: dc647eb65e6711e155375218212b3964
    client.plan: 0b6cbdf7ad2928078f1600a3e8979485
    client.saveChanges: f5d6040ed78ca86ddc73296a49b18510
    client.savePassword: e18fb05f11a56c03b34c3fe91d53c761
    client.settings: f4f70727dc34561dfde1a3c529b6205c
    client.subscriptionPlans: 220d816e3eb480d8800ed4b4cb60fef7
    client.userNotFound: d13984c520f6cb5181d5812979810645
    client.username: f6039d44b29456b20f8f373155ae4973
    components.command.dark: a18366b217ebf811ad1886e4f4f865b2
    components.command.light: 9914a0ce04a7b7b6a8e39bec55064b82
    components.command.system: a45da96d0bf6575970f2d27af22be28a
    components.command.theme: d721757161f7f70c5b0949fdb6ec2c30
    components.search.placeholder: 2a37324bb4c331c859044121df3f576b
    components.search.title: 13348442cc6a27032d2b4aa28b75a5d3
    contact.submit: a4d3b161ce1309df1c4e25df28694b7b
    cursor.cursor: 9abdae4fa5d93330363a88ed8a5e7946
    demo.aria-label-goto: e43ec38a93023bde02ff70f28b925702
    demo.launch: 2938c7f7e560ed972f8a4f68e80ff834
    editor-placeholder.record: 6a0d9eaee314c567fd72fb97ee707a36
    example.beforeUsing: 28d09910f99bf898ce91857706b7f432
    example.billing: 780c462e85ba4399a5d42e88f69a15ca
    example.localhostDebug: 23f551e7df2e59cdbeab1b0da334287c
    faceted-filter.noResultsFound: 3f24537d9d26ddf4fd334a881e46a0ec
    faq.1.details: 085338c145cb5b72f13d7cd57da5a703
    faq.1.summary: 6f8d1ef86567a946b965e4cacc506a79
    faq.2.details: 8b617d477e6952fe7875327462f25b6c
    faq.2.summary: 2334fff38a2e0105050726b465c125cb
    faq.3.details: abf1c8f95c0677e0adf4eed881bc64fe
    faq.3.summary: ef720bd475b821a8210cbab338e8656e
    file-dialog.cropImage: 018ef39434f30d0af6226d97e6b63aea
    file-dialog.dropTheFileHere: 2fc6d5dd6b01157bf9929b5a720458e4
    file-dialog.removeAll: 1b3ec8e8c2f9d1bf04d9353843739169
    file-dialog.removeFile: 46330f2afde9a6d54f2259bdd0176b8b
    file-dialog.uploadImages: cdacdfdb8df0f3847f16c22f4d0e599b
    landing.about: f2705d453b1550ffacba7f70e6d73401
    landing.buy-now: a8567ec8887eb41c7870b3a624524a46
    landing.features.auth.description: 3d14c29870443171967e179f870fd283
    landing.features.auth.title: d5ddee8f0dc4d0751b700704081a91e8
    landing.features.database.description: 63a4946b783f7dd6e7217db6c5048220
    landing.features.database.title: bc355bb1bdf94fdaf0f75383a9796d4c
    landing.features.devtools.ambitions-description: 4783f90be880db87f51e93befdde83f3
    landing.features.devtools.description: e710fef59565068638be8265535a46ca
    landing.features.devtools.title: ea4dc71212ae3057962e4d0bcf699ff2
    landing.features.interface.description: e4c52d2701d6cadda0a47f311b469572
    landing.features.interface.title: 0ef4ef0c368a44a6d41cf4531a58bb6f
    landing.features.nextjs.description: 2e2f4a5fce2a547628273b2e177883ec
    landing.features.nextjs.title: 6577a7d3cd6ff78bf803dab539f3ec47
    landing.features.text.description: 33b93892f7b0b6d125811645c6109cd6
    landing.features.text.title: 42fc251984800ea91017d339adfbf929
    landing.footer-cta: 2170540f553e890b0e8854c3187eea4a
    landing.get-started-button: 2938c7f7e560ed972f8a4f68e80ff834
    landing.main-cta: d3b7c913cd04ebfec0e9ec32cb6fd58c
    landing.sell-now: 2938c7f7e560ed972f8a4f68e80ff834
    layout.back: 0557fa923dcee4d0f86b1409f5c2167f
    loading.account: 08bd40c7543007ad06e4fce31618f6ec
    loading.billing: 780c462e85ba4399a5d42e88f69a15ca
    loading.checkout: 6ff063fbc860a79759a7369ac32cee22
    loading.loading: 8524de963f07201e5c086830d370797f
    loading.purchases: b4b5e091be238ed9df46d35b241611bc
    loading.signOut: 375e08625a2c38089b9e3a60f0e68325
    loading.thankYouForTheOrder: 722ef0d12fb667174fe4a21b1bf62c93
    metadata.description: a506be7d40cc0c350a3246ed148cac2e
    metadata.title.home: 8cf04a9734132302f96da8e113e80ce5
    mode-toggle.dark: a18366b217ebf811ad1886e4f4f865b2
    mode-toggle.light: 9914a0ce04a7b7b6a8e39bec55064b82
    mode-toggle.system: a45da96d0bf6575970f2d27af22be28a
    mode-toggle.toggleTheme: eb21044d717b7b7a45553756cb694239
    name: f9a0748213832379c83c46116418b22a
    onboard.asa: 8eb5a47634f626b142d2a93e9baf009f
    onboard.dateEventDateTbd: 856966378364b4fad787ca3266ba6cba
    onboard.donTMissOutReserveTheSpotNow: b424f7ea0357cf79a8a3735d8134072a
    onboard.eventDetails: 83545371112198c5a410af23b6fdb51e
    onboard.join15MinutesEarlyToNetwork: 9d820ed4da011eb6cf125a5917916191
    onboard.locationEventLinkTbd: 76ffa890a6501d55191063fcd6852389
    onboard.relivatorNextJsRedefined: 0f4b577b1d99255315d8206e9e4053cd
    onboard.tbdToBeDetermined: deb9d15bb3d395bc4f04141d1ddc4521
    onboard.timeEventTimeTbd: 98efc1b95057fbbcc60ac76bc4f42dfd
    page.about: 8f7f4c1ce7a4f933663d10543562b096
    page.accessToAPrivateCommunity: 08fbfb74e0b1efac606e816c24754ab1
    page.account: 08bd40c7543007ad06e4fce31618f6ec
    page.addANewStoreToTheAccount: 633cb1beb15ca5b389a50dcaf98ed199
    page.addStore: 53e58f2fc7851ed0a9c471fbbe954140
    page.admin: e3afed0047b08059d0fada10f400c1e5
    page.adminPage: 50fe20f2a42cccc1057c177969c96eab
    page.availableWorldwide: 134d9f8882dc246019e538089c7f2208
    page.billing: 780c462e85ba4399a5d42e88f69a15ca
    page.blog: be8df1f28c0abc85a0ed0c6860e5d832
    page.buildABoard: 2dbc66cb6dd4fbfefaa5e4e2a40ace9a
    page.client: 577d7068826de925ea2aec01dbadf5e4
    page.countriesData: 99ed61ecde81f3c5628bbe1ca1a9b493
    page.createNewComponent: 19e47d1e53840bffbfab3ae6aa1d928a
    page.createNewPage: 00450a87daacd42a5d9925a54133ba68
    page.createNewPost: f1b2e7ffc162a3cc065d22dda7e676b8
    page.dashboard: 2938c7f7e560ed972f8a4f68e80ff834
    page.directSupport: cfb1e3c3f0446044b2627087c0fad9bf
    page.donateThroughGithubBilling: 1fd4df9fca54818e4cbcb419971f0c69
    page.donationTiers: c62f061c90e69d0ebbd3ca258e102bb1
    page.earlyAccessToNewFeatures: 8c6b7d6e1bd2c0502fda9b063c9f61ee
    page.easyAndQuickProcess: 25d9771900c2f91e1fe7da7d9eceb8c2
    page.editUserPrivileges: ea418fd3f238d200f242098c48be4aaf
    page.emailPreferences: 6e171a5573a624137dadcd7fc611d50c
    page.exclusiveUpdatesAndContent: e288e5b8a88fdc8f67d160501df5f373
    page.frequentlyAskedQuestions: 5405d8a903c83e89cb649f1b518ef1be
    page.howTheMoneyIsUsed: 1de66a0f6b3a8074a5262dbd97ccbd42
    page.instantDonations: 81bef0d9adae366919038aa8635aff3e
    page.localhostOnlyDebugInfo: 540e204221cfec20808cf7237bfcdf5b
    page.manageTheSubscription: bc2d31ebe8e37fb723912c062cec9e9e
    page.manageYourEmailPreferences: cd02c4a5941e5ec8d81e9d8c2b27fbf2
    page.name: 06020a37813d4e91c8d18f01125ac96b
    page.newStore: 58b9937a7ca30ff9f5eb6dc94789d5ca
    page.notImplementedYet: c0a00b3b0f657d038562423fe6c7d736
    page.novuDeveloperPlaygroundPageComingSoon: c1337359cdc4a97eda0143f71ed95655
    page.oneTimeAndRecurringDonations: 969bf5a5f8d70f35c2d206011e7b7802
    page.oneTimeDonations: 681ff7a0646d6a3b46882c771c51cfec
    page.preferences: d0834fcec6337785ee749c8f5464f6f6
    page.pricing: e22ac25b066b201473de7aa700ef5d92
    page.purchases: b4b5e091be238ed9df46d35b241611bc
    page.purchasesTable: f2f6b42835961e4cd248b3970ce0dfe9
    page.readyToBuildYourEcommercePlatform: 0f35b2da273dde0c4bd40d26c0b51188
    page.recurringAndOneTimeDonations: 632eeb0688693d2a1b769c9e0231a105
    page.relivatorPlayground: 83fc259dfc48941e2adc16b4937010ed
    page.res: 05c35fe8715baa622ba34e48d36f7420
    page.resJsonAsPromise: 84e240729ce9f439c1c4305855dda051
    page.resetPassword: 6072e83b7f35887c76e64920bd370f4a
    page.root: fa03eb688ad8aa1db593d33dabd89bad
    page.secureTransactions: 356ccc5a386f50652e44e3cb4edefb76
    page.seeAllPosts: 8234cb13007c9a09c4485cbf2efc5169
    page.seeOurSponsors: abcfbcf3e2d0c928203a4a24107c9980
    page.server: 9aa1b03934893d7134a660af4204f2a9
    page.settings: f4f70727dc34561dfde1a3c529b6205c
    page.showASponsorBadgeOnYourGithubProfile: df730d7bea52da692784ba56d45a9502
    page.signinWithDiscord: 5cca16623d6b89f1531562b1e0243c61
    page.signinWithGithub: 9906352b29a82243c688629fd911893e
    page.signinWithGoogle: 95aacd4d4ac87524cfc63d9cc94c008e
    page.simpleAndFunWayToSupport: 7dd4b3ec3af69707d1ecd4418910e46f
    page.smallOneTimeDonations: e573cc483088ba1eccfd1d52f3098cd0
    page.specificCountryRe: cc7b0d45ff927f949cdde7bbcac60559
    page.stores: 821b8ee6937cec96c30fdafbfe836d68
    page.supportWithNoFees: 8a9de4a31a9d79735d254351003dd400
    page.testEmailDelivery: cce7ba6d19ba3d83023a3789cac08e39
    page.thankYouForTheOrder: 722ef0d12fb667174fe4a21b1bf62c93
    page.thePageIsStillInProductionPleaseCheckBackHereLater: 00fd545195b5987bb58e1f559ae6e50c
    page.underConstruction: 18a2f3b29bafb5039ea6bebae727f5c0
    page.verifyEmail: a55efa0a7e81dc5349fd046b8eb7d0a4
    page.waysToDonate: 59ec57a9e3355494458c89c005138b86
    not-found.description: 49b5de88aebab93f062ec04207608ca8
    not-found.go-home: 82609dd1953ccbfbb4e0d20623193b56
    not-found.title: dbe056971869202e3d0a8ddb1f0e70b1
    pages.not-found.description: 49b5de88aebab93f062ec04207608ca8
    pages.not-found.go-home: 82609dd1953ccbfbb4e0d20623193b56
    pages.not-found.title: dbe056971869202e3d0a8ddb1f0e70b1
    privacy-notice-right-aligned.elementsBannersPrivacyNoticeRightAligned: 084168028a99fcf9dd9655c90a19e980
    privacy-notice-right-aligned.privacynoticerightaligned: c9080e737eac8f7c56fb02a60421984d
    product-building.filters: f3f43e30c8c7d78c6ac0173515e57a00
    product-building.noProductsFound: 405e6a003a719605addb982f394d2fbe
    product-building.sortBy: 059a1aa256b770eca2d69c096f759ad0
    product-context.productsctx: 066a5dd42f0dc2ef04eecab98f13019f
    product-image-carousel.nextSlide: 8aa9a0537bc2b3340d3efe9087452a0f
    product-image-carousel.previousSlide: a5314d77b02f3acc879c55e03ea3a7c9
    products.filters: f3f43e30c8c7d78c6ac0173515e57a00
    products.nextStorePage: 6fc2dc0de240fb6e16bb5853906405eb
    products.noProductsFound: 405e6a003a719605addb982f394d2fbe
    products.previousStorePage: 997788d4bc2df6471762e5c1305794ed
    products.sortBy: 059a1aa256b770eca2d69c096f759ad0
    products-admin.productDetails: b8900d8adf598b6653bb8c071bc49a1d
    products-admin.products: 068f80c7519d0528fb08e82137a72131
    signOutPage.dashboard: 2938c7f7e560ed972f8a4f68e80ff834
    signOutPage.description.areyousueyouwanttosignout: 6dcc8f79716dbd2d66741c4bcb5f25ae
    signOutPage.heading.signout: 375e08625a2c38089b9e3a60f0e68325
    signOutPage.home: 8cf04a9734132302f96da8e113e80ce5
    signOutPage.logOut: b0c2b25b3312c7a32d7aa9d701b6ae1d
    stacked-with-footer-actions.elementsFlyoutMenusStackedWithFooterActions: 4a41b3b22ff45199860b8c2e23145c57
    stacked-with-footer-actions.stackedwithfooteractions: 52654885acb563233a1cf7ba9df487c3
    store.categories.buyFromCategories: 05670ba1aa760306ea7e36161ab55724
    store.categories.buyTheBest: 6cde8d62911e690506ba39686d3639a0
    store.products.addToCart: 638f592f71fc3fac3351534e69f9d29f
    store.products.buyProductsFromOurStores: 393467ffeeea7110f5ea146c8f644c20
    store.products.catalogue: a8567ec8887eb41c7870b3a624524a46
    store.products.description: b5a7adde1af5c87d7fd797b6245c2a39
    store.products.moreProductsFrom: 5e296d1461cf11afe3fbc1774360e60c
    store.products.noDescription: e2c9e2b54b8bb424cc64937c8fdc068f
    store.products.products: 068f80c7519d0528fb08e82137a72131
    store.products.productsCatalogue: 17be78961c29a5bcc17abadc87ad36e8
    store.stores.buy-products: 393467ffeeea7110f5ea146c8f644c20
    store.stores.stores: 821b8ee6937cec96c30fdafbfe836d68
    stores.noStoresFound: a9c853083678ba53c79bc7b975a379ef
    stores.sortBy: 059a1aa256b770eca2d69c096f759ad0
    temp-compiler-fix.app: ac863f346e618f9a959b5c95d5d28941
    titleDetails: 5f0fa857be6d82d6f6588bbe608172ae
    upgrade.localhostDebug: e3f80d35c2e36f3a830ef6e0f1e39f1f
    upgrade.thisIncludes: d6b25f15a42984a6a781c4eb8aa7a914
    usermenu.account.menu: 08bd40c7543007ad06e4fce31618f6ec
    usermenu.adminpage.menu: 50fe20f2a42cccc1057c177969c96eab
    usermenu.billing.menu: 780c462e85ba4399a5d42e88f69a15ca
    usermenu.dashboard.menu: 2938c7f7e560ed972f8a4f68e80ff834
    usermenu.logout.menu: 0323de4f66a1700e2173e9bcdce02715
    usermenu.purchases.menu: b4b5e091be238ed9df46d35b241611bc
    usermenu.settings.menu: f4f70727dc34561dfde1a3c529b6205c
    usermenu.stores.menu: 821b8ee6937cec96c30fdafbfe836d68
    with-button.dismiss: c8a59e7135a20b362f9c768b09454fdb
    with-button-animated.dismiss: c8a59e7135a20b362f9c768b09454fdb
    featuredProductsDescription: 26130181d5119cacbb006c07fe33db20
    featuredProductsTitle: ca7d973c26c57b69e0857e7a0332d545
    featuredStoresDescription: 177694be6330311ba54ed48023919218
    featuredStoresTitle: f56c02cb18e5d476be2bcbea3e7a7547
    viewAllProducts: bca54823c9ea283ac92870efd877f446
    viewAllStores: 818eb89029d5f2a5680c1d2b1f0889fd
    title: dbe056971869202e3d0a8ddb1f0e70b1
    description: 49b5de88aebab93f062ec04207608ca8
    go-home: 82609dd1953ccbfbb4e0d20623193b56
